// !$*UTF8*$!
{
	archiveVersion = 1;
	classes = {
	};
	objectVersion = 56;
	objects = {

/* Begin PBXBuildFile section */
		0B176E722BE0A09F00115BAA /* AppDelegate.swift in Sources */ = {isa = PBXBuildFile; fileRef = 0B176E712BE0A09F00115BAA /* AppDelegate.swift */; };
		0B176E742BE0A09F00115BAA /* SceneDelegate.swift in Sources */ = {isa = PBXBuildFile; fileRef = 0B176E732BE0A09F00115BAA /* SceneDelegate.swift */; };
		0B176E762BE0A09F00115BAA /* ViewController.swift in Sources */ = {isa = PBXBuildFile; fileRef = 0B176E752BE0A09F00115BAA /* ViewController.swift */; };
		0B176E792BE0A09F00115BAA /* Base in Resources */ = {isa = PBXBuildFile; fileRef = 0B176E782BE0A09F00115BAA /* Base */; };
		0B176E7B2BE0A0A300115BAA /* Assets.xcassets in Resources */ = {isa = PBXBuildFile; fileRef = 0B176E7A2BE0A0A300115BAA /* Assets.xcassets */; };
		0B176E7E2BE0A0A300115BAA /* Base in Resources */ = {isa = PBXBuildFile; fileRef = 0B176E7D2BE0A0A300115BAA /* Base */; };
		0B176E892BE0A0A500115BAA /* Bricks_ShooterTests.swift in Sources */ = {isa = PBXBuildFile; fileRef = 0B176E882BE0A0A500115BAA /* Bricks_ShooterTests.swift */; };
		0B176E932BE0A0A500115BAA /* Bricks_ShooterUITests.swift in Sources */ = {isa = PBXBuildFile; fileRef = 0B176E922BE0A0A500115BAA /* Bricks_ShooterUITests.swift */; };
		0B176E952BE0A0A500115BAA /* Bricks_ShooterUITestsLaunchTests.swift in Sources */ = {isa = PBXBuildFile; fileRef = 0B176E942BE0A0A500115BAA /* Bricks_ShooterUITestsLaunchTests.swift */; };
		0B176EA22BE0A14100115BAA /* GameScene.swift in Sources */ = {isa = PBXBuildFile; fileRef = 0B176EA12BE0A14100115BAA /* GameScene.swift */; };
		0B176EA42BE0A16900115BAA /* Extensions.swift in Sources */ = {isa = PBXBuildFile; fileRef = 0B176EA32BE0A16900115BAA /* Extensions.swift */; };
		0B176EA82BE0A1D500115BAA /* Ball.swift in Sources */ = {isa = PBXBuildFile; fileRef = 0B176EA52BE0A1D500115BAA /* Ball.swift */; };
		0B176EA92BE0A1D500115BAA /* Brick.swift in Sources */ = {isa = PBXBuildFile; fileRef = 0B176EA62BE0A1D500115BAA /* Brick.swift */; };
		0B176EB42BE0A20500115BAA /* Assets.xcassets in Resources */ = {isa = PBXBuildFile; fileRef = 0B176EAB2BE0A20500115BAA /* Assets.xcassets */; };
		0B176EB52BE0A20500115BAA /* BallTrail.sks in Resources */ = {isa = PBXBuildFile; fileRef = 0B176EAC2BE0A20500115BAA /* BallTrail.sks */; };
		0B176EB62BE0A20500115BAA /* BallTrail2.sks in Resources */ = {isa = PBXBuildFile; fileRef = 0B176EAD2BE0A20500115BAA /* BallTrail2.sks */; };
		0B176EB72BE0A20500115BAA /* BallTrail3.sks in Resources */ = {isa = PBXBuildFile; fileRef = 0B176EAE2BE0A20500115BAA /* BallTrail3.sks */; };
		0B176EB82BE0A20500115BAA /* BallTrail4.sks in Resources */ = {isa = PBXBuildFile; fileRef = 0B176EAF2BE0A20500115BAA /* BallTrail4.sks */; };
		0B176EB92BE0A20500115BAA /* BallTrail5.sks in Resources */ = {isa = PBXBuildFile; fileRef = 0B176EB02BE0A20500115BAA /* BallTrail5.sks */; };
		0B176EBA2BE0A20500115BAA /* BrokenPlatform.sks in Resources */ = {isa = PBXBuildFile; fileRef = 0B176EB12BE0A20500115BAA /* BrokenPlatform.sks */; };
		0B176EBB2BE0A20500115BAA /* Smoke.sks in Resources */ = {isa = PBXBuildFile; fileRef = 0B176EB22BE0A20500115BAA /* Smoke.sks */; };
		0B176EC22BE0A23500115BAA /* GameOver.swift in Sources */ = {isa = PBXBuildFile; fileRef = 0B176EBC2BE0A23400115BAA /* GameOver.swift */; };
		0B176EC32BE0A23500115BAA /* Playing.swift in Sources */ = {isa = PBXBuildFile; fileRef = 0B176EBD2BE0A23400115BAA /* Playing.swift */; };
		0B176EC42BE0A23500115BAA /* WaitingForTap.swift in Sources */ = {isa = PBXBuildFile; fileRef = 0B176EBE2BE0A23400115BAA /* WaitingForTap.swift */; };
		0B176EC52BE0A23500115BAA /* TouchEventsExtension.swift in Sources */ = {isa = PBXBuildFile; fileRef = 0B176EBF2BE0A23400115BAA /* TouchEventsExtension.swift */; };
		0B176EC62BE0A23500115BAA /* PhysicalContactExtension.swift in Sources */ = {isa = PBXBuildFile; fileRef = 0B176EC02BE0A23400115BAA /* PhysicalContactExtension.swift */; };
		0B176EC72BE0A23500115BAA /* GameScene.sks in Resources */ = {isa = PBXBuildFile; fileRef = 0B176EC12BE0A23500115BAA /* GameScene.sks */; };
		0B176ED52BE0A39C00115BAA /* fireSound.mp3 in Resources */ = {isa = PBXBuildFile; fileRef = 0B176ECA2BE0A39C00115BAA /* fireSound.mp3 */; };
		0B176ED62BE0A39C00115BAA /* game-over.wav in Resources */ = {isa = PBXBuildFile; fileRef = 0B176ECB2BE0A39C00115BAA /* game-over.wav */; };
		0B176ED72BE0A39C00115BAA /* game-won.mp3 in Resources */ = {isa = PBXBuildFile; fileRef = 0B176ECC2BE0A39C00115BAA /* game-won.mp3 */; };
		0B176ED82BE0A39C00115BAA /* paddleBlip.wav in Resources */ = {isa = PBXBuildFile; fileRef = 0B176ECD2BE0A39C00115BAA /* paddleBlip.wav */; };
		0B176ED92BE0A39C00115BAA /* pongblip.wav in Resources */ = {isa = PBXBuildFile; fileRef = 0B176ECE2BE0A39C00115BAA /* pongblip.wav */; };
		0B176EDA2BE0A39C00115BAA /* Rake Swing Whoosh Close.mp3 in Resources */ = {isa = PBXBuildFile; fileRef = 0B176ECF2BE0A39C00115BAA /* Rake Swing Whoosh Close.mp3 */; };
		0B176EDB2BE0A39C00115BAA /* Wood_02.wav in Resources */ = {isa = PBXBuildFile; fileRef = 0B176ED02BE0A39C00115BAA /* Wood_02.wav */; };
		0B176EDC2BE0A39C00115BAA /* Wood_03.wav in Resources */ = {isa = PBXBuildFile; fileRef = 0B176ED12BE0A39C00115BAA /* Wood_03.wav */; };
		0B176EDD2BE0A39C00115BAA /* Wood_05.mp3 in Resources */ = {isa = PBXBuildFile; fileRef = 0B176ED22BE0A39C00115BAA /* Wood_05.mp3 */; };
		0B176EDF2BE0A3D700115BAA /* Break.wav in Resources */ = {isa = PBXBuildFile; fileRef = 0B176EDE2BE0A3D700115BAA /* Break.wav */; };
/* End PBXBuildFile section */

/* Begin PBXContainerItemProxy section */
		0B176E852BE0A0A500115BAA /* PBXContainerItemProxy */ = {
			isa = PBXContainerItemProxy;
			containerPortal = 0B176E662BE0A09F00115BAA /* Project object */;
			proxyType = 1;
			remoteGlobalIDString = 0B176E6D2BE0A09F00115BAA;
			remoteInfo = "Bricks Shooter";
		};
		0B176E8F2BE0A0A500115BAA /* PBXContainerItemProxy */ = {
			isa = PBXContainerItemProxy;
			containerPortal = 0B176E662BE0A09F00115BAA /* Project object */;
			proxyType = 1;
			remoteGlobalIDString = 0B176E6D2BE0A09F00115BAA;
			remoteInfo = "Bricks Shooter";
		};
/* End PBXContainerItemProxy section */

/* Begin PBXFileReference section */
		0B176E6E2BE0A09F00115BAA /* Bricks Shooter.app */ = {isa = PBXFileReference; explicitFileType = wrapper.application; includeInIndex = 0; path = "Bricks Shooter.app"; sourceTree = BUILT_PRODUCTS_DIR; };
		0B176E712BE0A09F00115BAA /* AppDelegate.swift */ = {isa = PBXFileReference; lastKnownFileType = sourcecode.swift; path = AppDelegate.swift; sourceTree = "<group>"; };
		0B176E732BE0A09F00115BAA /* SceneDelegate.swift */ = {isa = PBXFileReference; lastKnownFileType = sourcecode.swift; path = SceneDelegate.swift; sourceTree = "<group>"; };
		0B176E752BE0A09F00115BAA /* ViewController.swift */ = {isa = PBXFileReference; lastKnownFileType = sourcecode.swift; path = ViewController.swift; sourceTree = "<group>"; };
		0B176E782BE0A09F00115BAA /* Base */ = {isa = PBXFileReference; lastKnownFileType = file.storyboard; name = Base; path = Base.lproj/Main.storyboard; sourceTree = "<group>"; };
		0B176E7A2BE0A0A300115BAA /* Assets.xcassets */ = {isa = PBXFileReference; lastKnownFileType = folder.assetcatalog; path = Assets.xcassets; sourceTree = "<group>"; };
		0B176E7D2BE0A0A300115BAA /* Base */ = {isa = PBXFileReference; lastKnownFileType = file.storyboard; name = Base; path = Base.lproj/LaunchScreen.storyboard; sourceTree = "<group>"; };
		0B176E7F2BE0A0A400115BAA /* Info.plist */ = {isa = PBXFileReference; lastKnownFileType = text.plist.xml; path = Info.plist; sourceTree = "<group>"; };
		0B176E842BE0A0A500115BAA /* Bricks ShooterTests.xctest */ = {isa = PBXFileReference; explicitFileType = wrapper.cfbundle; includeInIndex = 0; path = "Bricks ShooterTests.xctest"; sourceTree = BUILT_PRODUCTS_DIR; };
		0B176E882BE0A0A500115BAA /* Bricks_ShooterTests.swift */ = {isa = PBXFileReference; lastKnownFileType = sourcecode.swift; path = Bricks_ShooterTests.swift; sourceTree = "<group>"; };
		0B176E8E2BE0A0A500115BAA /* Bricks ShooterUITests.xctest */ = {isa = PBXFileReference; explicitFileType = wrapper.cfbundle; includeInIndex = 0; path = "Bricks ShooterUITests.xctest"; sourceTree = BUILT_PRODUCTS_DIR; };
		0B176E922BE0A0A500115BAA /* Bricks_ShooterUITests.swift */ = {isa = PBXFileReference; lastKnownFileType = sourcecode.swift; path = Bricks_ShooterUITests.swift; sourceTree = "<group>"; };
		0B176E942BE0A0A500115BAA /* Bricks_ShooterUITestsLaunchTests.swift */ = {isa = PBXFileReference; lastKnownFileType = sourcecode.swift; path = Bricks_ShooterUITestsLaunchTests.swift; sourceTree = "<group>"; };
		0B176EA12BE0A14100115BAA /* GameScene.swift */ = {isa = PBXFileReference; fileEncoding = 4; lastKnownFileType = sourcecode.swift; path = GameScene.swift; sourceTree = "<group>"; };
		0B176EA32BE0A16900115BAA /* Extensions.swift */ = {isa = PBXFileReference; fileEncoding = 4; lastKnownFileType = sourcecode.swift; path = Extensions.swift; sourceTree = "<group>"; };
		0B176EA52BE0A1D500115BAA /* Ball.swift */ = {isa = PBXFileReference; fileEncoding = 4; lastKnownFileType = sourcecode.swift; path = Ball.swift; sourceTree = "<group>"; };
		0B176EA62BE0A1D500115BAA /* Brick.swift */ = {isa = PBXFileReference; fileEncoding = 4; lastKnownFileType = sourcecode.swift; path = Brick.swift; sourceTree = "<group>"; };
		0B176EAB2BE0A20500115BAA /* Assets.xcassets */ = {isa = PBXFileReference; lastKnownFileType = folder.assetcatalog; path = Assets.xcassets; sourceTree = "<group>"; };
		0B176EAC2BE0A20500115BAA /* BallTrail.sks */ = {isa = PBXFileReference; lastKnownFileType = file.sks; path = BallTrail.sks; sourceTree = "<group>"; };
		0B176EAD2BE0A20500115BAA /* BallTrail2.sks */ = {isa = PBXFileReference; lastKnownFileType = file.sks; path = BallTrail2.sks; sourceTree = "<group>"; };
		0B176EAE2BE0A20500115BAA /* BallTrail3.sks */ = {isa = PBXFileReference; lastKnownFileType = file.sks; path = BallTrail3.sks; sourceTree = "<group>"; };
		0B176EAF2BE0A20500115BAA /* BallTrail4.sks */ = {isa = PBXFileReference; lastKnownFileType = file.sks; path = BallTrail4.sks; sourceTree = "<group>"; };
		0B176EB02BE0A20500115BAA /* BallTrail5.sks */ = {isa = PBXFileReference; lastKnownFileType = file.sks; path = BallTrail5.sks; sourceTree = "<group>"; };
		0B176EB12BE0A20500115BAA /* BrokenPlatform.sks */ = {isa = PBXFileReference; lastKnownFileType = file.sks; path = BrokenPlatform.sks; sourceTree = "<group>"; };
		0B176EB22BE0A20500115BAA /* Smoke.sks */ = {isa = PBXFileReference; lastKnownFileType = file.sks; path = Smoke.sks; sourceTree = "<group>"; };
		0B176EBC2BE0A23400115BAA /* GameOver.swift */ = {isa = PBXFileReference; fileEncoding = 4; lastKnownFileType = sourcecode.swift; path = GameOver.swift; sourceTree = "<group>"; };
		0B176EBD2BE0A23400115BAA /* Playing.swift */ = {isa = PBXFileReference; fileEncoding = 4; lastKnownFileType = sourcecode.swift; path = Playing.swift; sourceTree = "<group>"; };
		0B176EBE2BE0A23400115BAA /* WaitingForTap.swift */ = {isa = PBXFileReference; fileEncoding = 4; lastKnownFileType = sourcecode.swift; path = WaitingForTap.swift; sourceTree = "<group>"; };
		0B176EBF2BE0A23400115BAA /* TouchEventsExtension.swift */ = {isa = PBXFileReference; fileEncoding = 4; lastKnownFileType = sourcecode.swift; path = TouchEventsExtension.swift; sourceTree = "<group>"; };
		0B176EC02BE0A23400115BAA /* PhysicalContactExtension.swift */ = {isa = PBXFileReference; fileEncoding = 4; lastKnownFileType = sourcecode.swift; path = PhysicalContactExtension.swift; sourceTree = "<group>"; };
		0B176EC12BE0A23500115BAA /* GameScene.sks */ = {isa = PBXFileReference; lastKnownFileType = file.sks; path = GameScene.sks; sourceTree = "<group>"; };
		0B176ECA2BE0A39C00115BAA /* fireSound.mp3 */ = {isa = PBXFileReference; lastKnownFileType = audio.mp3; path = fireSound.mp3; sourceTree = "<group>"; };
		0B176ECB2BE0A39C00115BAA /* game-over.wav */ = {isa = PBXFileReference; lastKnownFileType = audio.wav; path = "game-over.wav"; sourceTree = "<group>"; };
		0B176ECC2BE0A39C00115BAA /* game-won.mp3 */ = {isa = PBXFileReference; lastKnownFileType = audio.mp3; path = "game-won.mp3"; sourceTree = "<group>"; };
		0B176ECD2BE0A39C00115BAA /* paddleBlip.wav */ = {isa = PBXFileReference; lastKnownFileType = audio.wav; path = paddleBlip.wav; sourceTree = "<group>"; };
		0B176ECE2BE0A39C00115BAA /* pongblip.wav */ = {isa = PBXFileReference; lastKnownFileType = audio.wav; path = pongblip.wav; sourceTree = "<group>"; };
		0B176ECF2BE0A39C00115BAA /* Rake Swing Whoosh Close.mp3 */ = {isa = PBXFileReference; lastKnownFileType = audio.mp3; path = "Rake Swing Whoosh Close.mp3"; sourceTree = "<group>"; };
		0B176ED02BE0A39C00115BAA /* Wood_02.wav */ = {isa = PBXFileReference; lastKnownFileType = audio.wav; path = Wood_02.wav; sourceTree = "<group>"; };
		0B176ED12BE0A39C00115BAA /* Wood_03.wav */ = {isa = PBXFileReference; lastKnownFileType = audio.wav; path = Wood_03.wav; sourceTree = "<group>"; };
		0B176ED22BE0A39C00115BAA /* Wood_05.mp3 */ = {isa = PBXFileReference; lastKnownFileType = audio.mp3; path = Wood_05.mp3; sourceTree = "<group>"; };
		0B176EDE2BE0A3D700115BAA /* Break.wav */ = {isa = PBXFileReference; lastKnownFileType = audio.wav; path = Break.wav; sourceTree = "<group>"; };
/* End PBXFileReference section */

/* Begin PBXFrameworksBuildPhase section */
		0B176E6B2BE0A09F00115BAA /* Frameworks */ = {
			isa = PBXFrameworksBuildPhase;
			buildActionMask = 2147483647;
			files = (
			);
			runOnlyForDeploymentPostprocessing = 0;
		};
		0B176E812BE0A0A500115BAA /* Frameworks */ = {
			isa = PBXFrameworksBuildPhase;
			buildActionMask = 2147483647;
			files = (
			);
			runOnlyForDeploymentPostprocessing = 0;
		};
		0B176E8B2BE0A0A500115BAA /* Frameworks */ = {
			isa = PBXFrameworksBuildPhase;
			buildActionMask = 2147483647;
			files = (
			);
			runOnlyForDeploymentPostprocessing = 0;
		};
/* End PBXFrameworksBuildPhase section */

/* Begin PBXGroup section */
		0B176E652BE0A09F00115BAA = {
			isa = PBXGroup;
			children = (
				0B176E702BE0A09F00115BAA /* Bricks Shooter */,
				0B176E872BE0A0A500115BAA /* Bricks ShooterTests */,
				0B176E912BE0A0A500115BAA /* Bricks ShooterUITests */,
				0B176E6F2BE0A09F00115BAA /* Products */,
			);
			sourceTree = "<group>";
		};
		0B176E6F2BE0A09F00115BAA /* Products */ = {
			isa = PBXGroup;
			children = (
				0B176E6E2BE0A09F00115BAA /* Bricks Shooter.app */,
				0B176E842BE0A0A500115BAA /* Bricks ShooterTests.xctest */,
				0B176E8E2BE0A0A500115BAA /* Bricks ShooterUITests.xctest */,
			);
			name = Products;
			sourceTree = "<group>";
		};
		0B176E702BE0A09F00115BAA /* Bricks Shooter */ = {
			isa = PBXGroup;
			children = (
				0B176ED32BE0A39C00115BAA /* Sounds */,
				0B176EA72BE0A1D500115BAA /* Models */,
				0B176EB32BE0A20500115BAA /* Particles */,
				0B176EAA2BE0A1D800115BAA /* Helpers */,
				0B176EC82BE0A24C00115BAA /* Game Controllers */,
				0B176E752BE0A09F00115BAA /* ViewController.swift */,
				0B176E772BE0A09F00115BAA /* Main.storyboard */,
				0B176E7A2BE0A0A300115BAA /* Assets.xcassets */,
				0B176E7C2BE0A0A300115BAA /* LaunchScreen.storyboard */,
				0B176E712BE0A09F00115BAA /* AppDelegate.swift */,
				0B176E732BE0A09F00115BAA /* SceneDelegate.swift */,
				0B176E7F2BE0A0A400115BAA /* Info.plist */,
			);
			path = "Bricks Shooter";
			sourceTree = "<group>";
		};
		0B176E872BE0A0A500115BAA /* Bricks ShooterTests */ = {
			isa = PBXGroup;
			children = (
				0B176E882BE0A0A500115BAA /* Bricks_ShooterTests.swift */,
			);
			path = "Bricks ShooterTests";
			sourceTree = "<group>";
		};
		0B176E912BE0A0A500115BAA /* Bricks ShooterUITests */ = {
			isa = PBXGroup;
			children = (
				0B176E922BE0A0A500115BAA /* Bricks_ShooterUITests.swift */,
				0B176E942BE0A0A500115BAA /* Bricks_ShooterUITestsLaunchTests.swift */,
			);
			path = "Bricks ShooterUITests";
			sourceTree = "<group>";
		};
		0B176EA72BE0A1D500115BAA /* Models */ = {
			isa = PBXGroup;
			children = (
				0B176EA52BE0A1D500115BAA /* Ball.swift */,
				0B176EA62BE0A1D500115BAA /* Brick.swift */,
			);
			path = Models;
			sourceTree = "<group>";
		};
		0B176EAA2BE0A1D800115BAA /* Helpers */ = {
			isa = PBXGroup;
			children = (
				0B176EC02BE0A23400115BAA /* PhysicalContactExtension.swift */,
				0B176EBF2BE0A23400115BAA /* TouchEventsExtension.swift */,
				0B176EA32BE0A16900115BAA /* Extensions.swift */,
			);
			path = Helpers;
			sourceTree = "<group>";
		};
		0B176EB32BE0A20500115BAA /* Particles */ = {
			isa = PBXGroup;
			children = (
				0B176EAB2BE0A20500115BAA /* Assets.xcassets */,
				0B176EAC2BE0A20500115BAA /* BallTrail.sks */,
				0B176EAD2BE0A20500115BAA /* BallTrail2.sks */,
				0B176EAE2BE0A20500115BAA /* BallTrail3.sks */,
				0B176EAF2BE0A20500115BAA /* BallTrail4.sks */,
				0B176EB02BE0A20500115BAA /* BallTrail5.sks */,
				0B176EB12BE0A20500115BAA /* BrokenPlatform.sks */,
				0B176EB22BE0A20500115BAA /* Smoke.sks */,
			);
			path = Particles;
			sourceTree = "<group>";
		};
		0B176EC82BE0A24C00115BAA /* Game Controllers */ = {
			isa = PBXGroup;
			children = (
				0B176EBD2BE0A23400115BAA /* Playing.swift */,
				0B176EBE2BE0A23400115BAA /* WaitingForTap.swift */,
				0B176EBC2BE0A23400115BAA /* GameOver.swift */,
				0B176EC12BE0A23500115BAA /* GameScene.sks */,
				0B176EA12BE0A14100115BAA /* GameScene.swift */,
			);
			path = "Game Controllers";
			sourceTree = "<group>";
		};
		0B176ED32BE0A39C00115BAA /* Sounds */ = {
			isa = PBXGroup;
			children = (
				0B176EDE2BE0A3D700115BAA /* Break.wav */,
				0B176ECA2BE0A39C00115BAA /* fireSound.mp3 */,
				0B176ECB2BE0A39C00115BAA /* game-over.wav */,
				0B176ECC2BE0A39C00115BAA /* game-won.mp3 */,
				0B176ECD2BE0A39C00115BAA /* paddleBlip.wav */,
				0B176ECE2BE0A39C00115BAA /* pongblip.wav */,
				0B176ECF2BE0A39C00115BAA /* Rake Swing Whoosh Close.mp3 */,
				0B176ED02BE0A39C00115BAA /* Wood_02.wav */,
				0B176ED12BE0A39C00115BAA /* Wood_03.wav */,
				0B176ED22BE0A39C00115BAA /* Wood_05.mp3 */,
			);
			path = Sounds;
			sourceTree = "<group>";
		};
/* End PBXGroup section */

/* Begin PBXNativeTarget section */
		0B176E6D2BE0A09F00115BAA /* Bricks Shooter */ = {
			isa = PBXNativeTarget;
			buildConfigurationList = 0B176E982BE0A0A500115BAA /* Build configuration list for PBXNativeTarget "Bricks Shooter" */;
			buildPhases = (
				0B176E6A2BE0A09F00115BAA /* Sources */,
				0B176E6B2BE0A09F00115BAA /* Frameworks */,
				0B176E6C2BE0A09F00115BAA /* Resources */,
			);
			buildRules = (
			);
			dependencies = (
			);
			name = "Bricks Shooter";
			productName = "Bricks Shooter";
			productReference = 0B176E6E2BE0A09F00115BAA /* Bricks Shooter.app */;
			productType = "com.apple.product-type.application";
		};
		0B176E832BE0A0A500115BAA /* Bricks ShooterTests */ = {
			isa = PBXNativeTarget;
			buildConfigurationList = 0B176E9B2BE0A0A500115BAA /* Build configuration list for PBXNativeTarget "Bricks ShooterTests" */;
			buildPhases = (
				0B176E802BE0A0A500115BAA /* Sources */,
				0B176E812BE0A0A500115BAA /* Frameworks */,
				0B176E822BE0A0A500115BAA /* Resources */,
			);
			buildRules = (
			);
			dependencies = (
				0B176E862BE0A0A500115BAA /* PBXTargetDependency */,
			);
			name = "Bricks ShooterTests";
			productName = "Bricks ShooterTests";
			productReference = 0B176E842BE0A0A500115BAA /* Bricks ShooterTests.xctest */;
			productType = "com.apple.product-type.bundle.unit-test";
		};
		0B176E8D2BE0A0A500115BAA /* Bricks ShooterUITests */ = {
			isa = PBXNativeTarget;
			buildConfigurationList = 0B176E9E2BE0A0A500115BAA /* Build configuration list for PBXNativeTarget "Bricks ShooterUITests" */;
			buildPhases = (
				0B176E8A2BE0A0A500115BAA /* Sources */,
				0B176E8B2BE0A0A500115BAA /* Frameworks */,
				0B176E8C2BE0A0A500115BAA /* Resources */,
			);
			buildRules = (
			);
			dependencies = (
				0B176E902BE0A0A500115BAA /* PBXTargetDependency */,
			);
			name = "Bricks ShooterUITests";
			productName = "Bricks ShooterUITests";
			productReference = 0B176E8E2BE0A0A500115BAA /* Bricks ShooterUITests.xctest */;
			productType = "com.apple.product-type.bundle.ui-testing";
		};
/* End PBXNativeTarget section */

/* Begin PBXProject section */
		0B176E662BE0A09F00115BAA /* Project object */ = {
			isa = PBXProject;
			attributes = {
				BuildIndependentTargetsInParallel = 1;
				LastSwiftUpdateCheck = 1530;
				LastUpgradeCheck = 1530;
				TargetAttributes = {
					0B176E6D2BE0A09F00115BAA = {
						CreatedOnToolsVersion = 15.3;
					};
					0B176E832BE0A0A500115BAA = {
						CreatedOnToolsVersion = 15.3;
						TestTargetID = 0B176E6D2BE0A09F00115BAA;
					};
					0B176E8D2BE0A0A500115BAA = {
						CreatedOnToolsVersion = 15.3;
						TestTargetID = 0B176E6D2BE0A09F00115BAA;
					};
				};
			};
			buildConfigurationList = 0B176E692BE0A09F00115BAA /* Build configuration list for PBXProject "Bricks Shooter" */;
			compatibilityVersion = "Xcode 14.0";
			developmentRegion = en;
			hasScannedForEncodings = 0;
			knownRegions = (
				en,
				Base,
			);
			mainGroup = 0B176E652BE0A09F00115BAA;
			productRefGroup = 0B176E6F2BE0A09F00115BAA /* Products */;
			projectDirPath = "";
			projectRoot = "";
			targets = (
				0B176E6D2BE0A09F00115BAA /* Bricks Shooter */,
				0B176E832BE0A0A500115BAA /* Bricks ShooterTests */,
				0B176E8D2BE0A0A500115BAA /* Bricks ShooterUITests */,
			);
		};
/* End PBXProject section */

/* Begin PBXResourcesBuildPhase section */
		0B176E6C2BE0A09F00115BAA /* Resources */ = {
			isa = PBXResourcesBuildPhase;
			buildActionMask = 2147483647;
			files = (
				0B176EB82BE0A20500115BAA /* BallTrail4.sks in Resources */,
				0B176E7B2BE0A0A300115BAA /* Assets.xcassets in Resources */,
				0B176EB92BE0A20500115BAA /* BallTrail5.sks in Resources */,
				0B176EB52BE0A20500115BAA /* BallTrail.sks in Resources */,
				0B176ED82BE0A39C00115BAA /* paddleBlip.wav in Resources */,
				0B176EDB2BE0A39C00115BAA /* Wood_02.wav in Resources */,
				0B176EDD2BE0A39C00115BAA /* Wood_05.mp3 in Resources */,
				0B176EC72BE0A23500115BAA /* GameScene.sks in Resources */,
				0B176ED72BE0A39C00115BAA /* game-won.mp3 in Resources */,
				0B176EB62BE0A20500115BAA /* BallTrail2.sks in Resources */,
				0B176ED62BE0A39C00115BAA /* game-over.wav in Resources */,
				0B176EB72BE0A20500115BAA /* BallTrail3.sks in Resources */,
				0B176E7E2BE0A0A300115BAA /* Base in Resources */,
				0B176EBA2BE0A20500115BAA /* BrokenPlatform.sks in Resources */,
				0B176ED52BE0A39C00115BAA /* fireSound.mp3 in Resources */,
				0B176EDC2BE0A39C00115BAA /* Wood_03.wav in Resources */,
				0B176EBB2BE0A20500115BAA /* Smoke.sks in Resources */,
				0B176EB42BE0A20500115BAA /* Assets.xcassets in Resources */,
				0B176EDF2BE0A3D700115BAA /* Break.wav in Resources */,
				0B176E792BE0A09F00115BAA /* Base in Resources */,
				0B176EDA2BE0A39C00115BAA /* Rake Swing Whoosh Close.mp3 in Resources */,
				0B176ED92BE0A39C00115BAA /* pongblip.wav in Resources */,
			);
			runOnlyForDeploymentPostprocessing = 0;
		};
		0B176E822BE0A0A500115BAA /* Resources */ = {
			isa = PBXResourcesBuildPhase;
			buildActionMask = 2147483647;
			files = (
			);
			runOnlyForDeploymentPostprocessing = 0;
		};
		0B176E8C2BE0A0A500115BAA /* Resources */ = {
			isa = PBXResourcesBuildPhase;
			buildActionMask = 2147483647;
			files = (
			);
			runOnlyForDeploymentPostprocessing = 0;
		};
/* End PBXResourcesBuildPhase section */

/* Begin PBXSourcesBuildPhase section */
		0B176E6A2BE0A09F00115BAA /* Sources */ = {
			isa = PBXSourcesBuildPhase;
			buildActionMask = 2147483647;
			files = (
				0B176EC32BE0A23500115BAA /* Playing.swift in Sources */,
				0B176EA82BE0A1D500115BAA /* Ball.swift in Sources */,
				0B176EA42BE0A16900115BAA /* Extensions.swift in Sources */,
				0B176EC62BE0A23500115BAA /* PhysicalContactExtension.swift in Sources */,
				0B176E762BE0A09F00115BAA /* ViewController.swift in Sources */,
				0B176E722BE0A09F00115BAA /* AppDelegate.swift in Sources */,
				0B176EC42BE0A23500115BAA /* WaitingForTap.swift in Sources */,
				0B176EA22BE0A14100115BAA /* GameScene.swift in Sources */,
				0B176EA92BE0A1D500115BAA /* Brick.swift in Sources */,
				0B176E742BE0A09F00115BAA /* SceneDelegate.swift in Sources */,
				0B176EC22BE0A23500115BAA /* GameOver.swift in Sources */,
				0B176EC52BE0A23500115BAA /* TouchEventsExtension.swift in Sources */,
			);
			runOnlyForDeploymentPostprocessing = 0;
		};
		0B176E802BE0A0A500115BAA /* Sources */ = {
			isa = PBXSourcesBuildPhase;
			buildActionMask = 2147483647;
			files = (
				0B176E892BE0A0A500115BAA /* Bricks_ShooterTests.swift in Sources */,
			);
			runOnlyForDeploymentPostprocessing = 0;
		};
		0B176E8A2BE0A0A500115BAA /* Sources */ = {
			isa = PBXSourcesBuildPhase;
			buildActionMask = 2147483647;
			files = (
				0B176E932BE0A0A500115BAA /* Bricks_ShooterUITests.swift in Sources */,
				0B176E952BE0A0A500115BAA /* Bricks_ShooterUITestsLaunchTests.swift in Sources */,
			);
			runOnlyForDeploymentPostprocessing = 0;
		};
/* End PBXSourcesBuildPhase section */

/* Begin PBXTargetDependency section */
		0B176E862BE0A0A500115BAA /* PBXTargetDependency */ = {
			isa = PBXTargetDependency;
			target = 0B176E6D2BE0A09F00115BAA /* Bricks Shooter */;
			targetProxy = 0B176E852BE0A0A500115BAA /* PBXContainerItemProxy */;
		};
		0B176E902BE0A0A500115BAA /* PBXTargetDependency */ = {
			isa = PBXTargetDependency;
			target = 0B176E6D2BE0A09F00115BAA /* Bricks Shooter */;
			targetProxy = 0B176E8F2BE0A0A500115BAA /* PBXContainerItemProxy */;
		};
/* End PBXTargetDependency section */

/* Begin PBXVariantGroup section */
		0B176E772BE0A09F00115BAA /* Main.storyboard */ = {
			isa = PBXVariantGroup;
			children = (
				0B176E782BE0A09F00115BAA /* Base */,
			);
			name = Main.storyboard;
			sourceTree = "<group>";
		};
		0B176E7C2BE0A0A300115BAA /* LaunchScreen.storyboard */ = {
			isa = PBXVariantGroup;
			children = (
				0B176E7D2BE0A0A300115BAA /* Base */,
			);
			name = LaunchScreen.storyboard;
			sourceTree = "<group>";
		};
/* End PBXVariantGroup section */

/* Begin XCBuildConfiguration section */
		0B176E962BE0A0A500115BAA /* Debug */ = {
			isa = XCBuildConfiguration;
			buildSettings = {
				ALWAYS_SEARCH_USER_PATHS = NO;
				ASSETCATALOG_COMPILER_GENERATE_SWIFT_ASSET_SYMBOL_EXTENSIONS = YES;
				CLANG_ANALYZER_NONNULL = YES;
				CLANG_ANALYZER_NUMBER_OBJECT_CONVERSION = YES_AGGRESSIVE;
				CLANG_CXX_LANGUAGE_STANDARD = "gnu++20";
				CLANG_ENABLE_MODULES = YES;
				CLANG_ENABLE_OBJC_ARC = YES;
				CLANG_ENABLE_OBJC_WEAK = YES;
				CLANG_WARN_BLOCK_CAPTURE_AUTORELEASING = YES;
				CLANG_WARN_BOOL_CONVERSION = YES;
				CLANG_WARN_COMMA = YES;
				CLANG_WARN_CONSTANT_CONVERSION = YES;
				CLANG_WARN_DEPRECATED_OBJC_IMPLEMENTATIONS = YES;
				CLANG_WARN_DIRECT_OBJC_ISA_USAGE = YES_ERROR;
				CLANG_WARN_DOCUMENTATION_COMMENTS = YES;
				CLANG_WARN_EMPTY_BODY = YES;
				CLANG_WARN_ENUM_CONVERSION = YES;
				CLANG_WARN_INFINITE_RECURSION = YES;
				CLANG_WARN_INT_CONVERSION = YES;
				CLANG_WARN_NON_LITERAL_NULL_CONVERSION = YES;
				CLANG_WARN_OBJC_IMPLICIT_RETAIN_SELF = YES;
				CLANG_WARN_OBJC_LITERAL_CONVERSION = YES;
				CLANG_WARN_OBJC_ROOT_CLASS = YES_ERROR;
				CLANG_WARN_QUOTED_INCLUDE_IN_FRAMEWORK_HEADER = YES;
				CLANG_WARN_RANGE_LOOP_ANALYSIS = YES;
				CLANG_WARN_STRICT_PROTOTYPES = YES;
				CLANG_WARN_SUSPICIOUS_MOVE = YES;
				CLANG_WARN_UNGUARDED_AVAILABILITY = YES_AGGRESSIVE;
				CLANG_WARN_UNREACHABLE_CODE = YES;
				CLANG_WARN__DUPLICATE_METHOD_MATCH = YES;
				COPY_PHASE_STRIP = NO;
				DEBUG_INFORMATION_FORMAT = dwarf;
				ENABLE_STRICT_OBJC_MSGSEND = YES;
				ENABLE_TESTABILITY = YES;
				ENABLE_USER_SCRIPT_SANDBOXING = YES;
				GCC_C_LANGUAGE_STANDARD = gnu17;
				GCC_DYNAMIC_NO_PIC = NO;
				GCC_NO_COMMON_BLOCKS = YES;
				GCC_OPTIMIZATION_LEVEL = 0;
				GCC_PREPROCESSOR_DEFINITIONS = (
					"DEBUG=1",
					"$(inherited)",
				);
				GCC_WARN_64_TO_32_BIT_CONVERSION = YES;
				GCC_WARN_ABOUT_RETURN_TYPE = YES_ERROR;
				GCC_WARN_UNDECLARED_SELECTOR = YES;
				GCC_WARN_UNINITIALIZED_AUTOS = YES_AGGRESSIVE;
				GCC_WARN_UNUSED_FUNCTION = YES;
				GCC_WARN_UNUSED_VARIABLE = YES;
				IPHONEOS_DEPLOYMENT_TARGET = 17.4;
				LOCALIZATION_PREFERS_STRING_CATALOGS = YES;
				MTL_ENABLE_DEBUG_INFO = INCLUDE_SOURCE;
				MTL_FAST_MATH = YES;
				ONLY_ACTIVE_ARCH = YES;
				SDKROOT = iphoneos;
				SWIFT_ACTIVE_COMPILATION_CONDITIONS = "DEBUG $(inherited)";
				SWIFT_OPTIMIZATION_LEVEL = "-Onone";
			};
			name = Debug;
		};
		0B176E972BE0A0A500115BAA /* Release */ = {
			isa = XCBuildConfiguration;
			buildSettings = {
				ALWAYS_SEARCH_USER_PATHS = NO;
				ASSETCATALOG_COMPILER_GENERATE_SWIFT_ASSET_SYMBOL_EXTENSIONS = YES;
				CLANG_ANALYZER_NONNULL = YES;
				CLANG_ANALYZER_NUMBER_OBJECT_CONVERSION = YES_AGGRESSIVE;
				CLANG_CXX_LANGUAGE_STANDARD = "gnu++20";
				CLANG_ENABLE_MODULES = YES;
				CLANG_ENABLE_OBJC_ARC = YES;
				CLANG_ENABLE_OBJC_WEAK = YES;
				CLANG_WARN_BLOCK_CAPTURE_AUTORELEASING = YES;
				CLANG_WARN_BOOL_CONVERSION = YES;
				CLANG_WARN_COMMA = YES;
				CLANG_WARN_CONSTANT_CONVERSION = YES;
				CLANG_WARN_DEPRECATED_OBJC_IMPLEMENTATIONS = YES;
				CLANG_WARN_DIRECT_OBJC_ISA_USAGE = YES_ERROR;
				CLANG_WARN_DOCUMENTATION_COMMENTS = YES;
				CLANG_WARN_EMPTY_BODY = YES;
				CLANG_WARN_ENUM_CONVERSION = YES;
				CLANG_WARN_INFINITE_RECURSION = YES;
				CLANG_WARN_INT_CONVERSION = YES;
				CLANG_WARN_NON_LITERAL_NULL_CONVERSION = YES;
				CLANG_WARN_OBJC_IMPLICIT_RETAIN_SELF = YES;
				CLANG_WARN_OBJC_LITERAL_CONVERSION = YES;
				CLANG_WARN_OBJC_ROOT_CLASS = YES_ERROR;
				CLANG_WARN_QUOTED_INCLUDE_IN_FRAMEWORK_HEADER = YES;
				CLANG_WARN_RANGE_LOOP_ANALYSIS = YES;
				CLANG_WARN_STRICT_PROTOTYPES = YES;
				CLANG_WARN_SUSPICIOUS_MOVE = YES;
				CLANG_WARN_UNGUARDED_AVAILABILITY = YES_AGGRESSIVE;
				CLANG_WARN_UNREACHABLE_CODE = YES;
				CLANG_WARN__DUPLICATE_METHOD_MATCH = YES;
				COPY_PHASE_STRIP = NO;
				DEBUG_INFORMATION_FORMAT = "dwarf-with-dsym";
				ENABLE_NS_ASSERTIONS = NO;
				ENABLE_STRICT_OBJC_MSGSEND = YES;
				ENABLE_USER_SCRIPT_SANDBOXING = YES;
				GCC_C_LANGUAGE_STANDARD = gnu17;
				GCC_NO_COMMON_BLOCKS = YES;
				GCC_WARN_64_TO_32_BIT_CONVERSION = YES;
				GCC_WARN_ABOUT_RETURN_TYPE = YES_ERROR;
				GCC_WARN_UNDECLARED_SELECTOR = YES;
				GCC_WARN_UNINITIALIZED_AUTOS = YES_AGGRESSIVE;
				GCC_WARN_UNUSED_FUNCTION = YES;
				GCC_WARN_UNUSED_VARIABLE = YES;
				IPHONEOS_DEPLOYMENT_TARGET = 17.4;
				LOCALIZATION_PREFERS_STRING_CATALOGS = YES;
				MTL_ENABLE_DEBUG_INFO = NO;
				MTL_FAST_MATH = YES;
				SDKROOT = iphoneos;
				SWIFT_COMPILATION_MODE = wholemodule;
				VALIDATE_PRODUCT = YES;
			};
			name = Release;
		};
		0B176E992BE0A0A500115BAA /* Debug */ = {
			isa = XCBuildConfiguration;
			buildSettings = {
				ASSETCATALOG_COMPILER_APPICON_NAME = AppIcon;
				ASSETCATALOG_COMPILER_GLOBAL_ACCENT_COLOR_NAME = AccentColor;
				CODE_SIGN_STYLE = Automatic;
				CURRENT_PROJECT_VERSION = 1;
				DEVELOPMENT_TEAM = 63BQPADX5U;
				GENERATE_INFOPLIST_FILE = YES;
				INFOPLIST_FILE = "Bricks Shooter/Info.plist";
				INFOPLIST_KEY_UIApplicationSupportsIndirectInputEvents = YES;
				INFOPLIST_KEY_UILaunchStoryboardName = LaunchScreen;
				INFOPLIST_KEY_UIMainStoryboardFile = Main;
				INFOPLIST_KEY_UISupportedInterfaceOrientations = UIInterfaceOrientationPortrait;
				IPHONEOS_DEPLOYMENT_TARGET = 16.0;
				LD_RUNPATH_SEARCH_PATHS = (
					"$(inherited)",
					"@executable_path/Frameworks",
				);
				MARKETING_VERSION = 1.0;
				PRODUCT_BUNDLE_IDENTIFIER = "ir.happyiosdeveloper.Bricks-Shooter";
				PRODUCT_NAME = "$(TARGET_NAME)";
				SWIFT_EMIT_LOC_STRINGS = YES;
				SWIFT_VERSION = 5.0;
				TARGETED_DEVICE_FAMILY = "1,2";
			};
			name = Debug;
		};
		0B176E9A2BE0A0A500115BAA /* Release */ = {
			isa = XCBuildConfiguration;
			buildSettings = {
				ASSETCATALOG_COMPILER_APPICON_NAME = AppIcon;
				ASSETCATALOG_COMPILER_GLOBAL_ACCENT_COLOR_NAME = AccentColor;
				CODE_SIGN_STYLE = Automatic;
				CURRENT_PROJECT_VERSION = 1;
				DEVELOPMENT_TEAM = 63BQPADX5U;
				GENERATE_INFOPLIST_FILE = YES;
				INFOPLIST_FILE = "Bricks Shooter/Info.plist";
				INFOPLIST_KEY_UIApplicationSupportsIndirectInputEvents = YES;
				INFOPLIST_KEY_UILaunchStoryboardName = LaunchScreen;
				INFOPLIST_KEY_UIMainStoryboardFile = Main;
				INFOPLIST_KEY_UISupportedInterfaceOrientations = UIInterfaceOrientationPortrait;
				IPHONEOS_DEPLOYMENT_TARGET = 16.0;
				LD_RUNPATH_SEARCH_PATHS = (
					"$(inherited)",
					"@executable_path/Frameworks",
				);
				MARKETING_VERSION = 1.0;
				PRODUCT_BUNDLE_IDENTIFIER = "ir.happyiosdeveloper.Bricks-Shooter";
				PRODUCT_NAME = "$(TARGET_NAME)";
				SWIFT_EMIT_LOC_STRINGS = YES;
				SWIFT_VERSION = 5.0;
				TARGETED_DEVICE_FAMILY = "1,2";
			};
			name = Release;
		};
		0B176E9C2BE0A0A500115BAA /* Debug */ = {
			isa = XCBuildConfiguration;
			buildSettings = {
				ALWAYS_EMBED_SWIFT_STANDARD_LIBRARIES = YES;
				BUNDLE_LOADER = "$(TEST_HOST)";
				CODE_SIGN_STYLE = Automatic;
				CURRENT_PROJECT_VERSION = 1;
				DEVELOPMENT_TEAM = 63BQPADX5U;
				GENERATE_INFOPLIST_FILE = YES;
				IPHONEOS_DEPLOYMENT_TARGET = 17.4;
				MARKETING_VERSION = 1.0;
				PRODUCT_BUNDLE_IDENTIFIER = "ir.happyiosdeveloper.Bricks-ShooterTests";
				PRODUCT_NAME = "$(TARGET_NAME)";
				SWIFT_EMIT_LOC_STRINGS = NO;
				SWIFT_VERSION = 5.0;
				TARGETED_DEVICE_FAMILY = "1,2";
				TEST_HOST = "$(BUILT_PRODUCTS_DIR)/Bricks Shooter.app/$(BUNDLE_EXECUTABLE_FOLDER_PATH)/Bricks Shooter";
			};
			name = Debug;
		};
		0B176E9D2BE0A0A500115BAA /* Release */ = {
			isa = XCBuildConfiguration;
			buildSettings = {
				ALWAYS_EMBED_SWIFT_STANDARD_LIBRARIES = YES;
				BUNDLE_LOADER = "$(TEST_HOST)";
				CODE_SIGN_STYLE = Automatic;
				CURRENT_PROJECT_VERSION = 1;
				DEVELOPMENT_TEAM = 63BQPADX5U;
				GENERATE_INFOPLIST_FILE = YES;
				IPHONEOS_DEPLOYMENT_TARGET = 17.4;
				MARKETING_VERSION = 1.0;
				PRODUCT_BUNDLE_IDENTIFIER = "ir.happyiosdeveloper.Bricks-ShooterTests";
				PRODUCT_NAME = "$(TARGET_NAME)";
				SWIFT_EMIT_LOC_STRINGS = NO;
				SWIFT_VERSION = 5.0;
				TARGETED_DEVICE_FAMILY = "1,2";
				TEST_HOST = "$(BUILT_PRODUCTS_DIR)/Bricks Shooter.app/$(BUNDLE_EXECUTABLE_FOLDER_PATH)/Bricks Shooter";
			};
			name = Release;
		};
		0B176E9F2BE0A0A500115BAA /* Debug */ = {
			isa = XCBuildConfiguration;
			buildSettings = {
				ALWAYS_EMBED_SWIFT_STANDARD_LIBRARIES = YES;
				CODE_SIGN_STYLE = Automatic;
				CURRENT_PROJECT_VERSION = 1;
				DEVELOPMENT_TEAM = 63BQPADX5U;
				GENERATE_INFOPLIST_FILE = YES;
				MARKETING_VERSION = 1.0;
				PRODUCT_BUNDLE_IDENTIFIER = "ir.happyiosdeveloper.Bricks-ShooterUITests";
				PRODUCT_NAME = "$(TARGET_NAME)";
				SWIFT_EMIT_LOC_STRINGS = NO;
				SWIFT_VERSION = 5.0;
				TARGETED_DEVICE_FAMILY = "1,2";
				TEST_TARGET_NAME = "Bricks Shooter";
			};
			name = Debug;
		};
		0B176EA02BE0A0A500115BAA /* Release */ = {
			isa = XCBuildConfiguration;
			buildSettings = {
				ALWAYS_EMBED_SWIFT_STANDARD_LIBRARIES = YES;
				CODE_SIGN_STYLE = Automatic;
				CURRENT_PROJECT_VERSION = 1;
				DEVELOPMENT_TEAM = 63BQPADX5U;
				GENERATE_INFOPLIST_FILE = YES;
				MARKETING_VERSION = 1.0;
				PRODUCT_BUNDLE_IDENTIFIER = "ir.happyiosdeveloper.Bricks-ShooterUITests";
				PRODUCT_NAME = "$(TARGET_NAME)";
				SWIFT_EMIT_LOC_STRINGS = NO;
				SWIFT_VERSION = 5.0;
				TARGETED_DEVICE_FAMILY = "1,2";
				TEST_TARGET_NAME = "Bricks Shooter";
			};
			name = Release;
		};
/* End XCBuildConfiguration section */

/* Begin XCConfigurationList section */
		0B176E692BE0A09F00115BAA /* Build configuration list for PBXProject "Bricks Shooter" */ = {
			isa = XCConfigurationList;
			buildConfigurations = (
				0B176E962BE0A0A500115BAA /* Debug */,
				0B176E972BE0A0A500115BAA /* Release */,
			);
			defaultConfigurationIsVisible = 0;
			defaultConfigurationName = Release;
		};
		0B176E982BE0A0A500115BAA /* Build configuration list for PBXNativeTarget "Bricks Shooter" */ = {
			isa = XCConfigurationList;
			buildConfigurations = (
				0B176E992BE0A0A500115BAA /* Debug */,
				0B176E9A2BE0A0A500115BAA /* Release */,
			);
			defaultConfigurationIsVisible = 0;
			defaultConfigurationName = Release;
		};
		0B176E9B2BE0A0A500115BAA /* Build configuration list for PBXNativeTarget "Bricks ShooterTests" */ = {
			isa = XCConfigurationList;
			buildConfigurations = (
				0B176E9C2BE0A0A500115BAA /* Debug */,
				0B176E9D2BE0A0A500115BAA /* Release */,
			);
			defaultConfigurationIsVisible = 0;
			defaultConfigurationName = Release;
		};
		0B176E9E2BE0A0A500115BAA /* Build configuration list for PBXNativeTarget "Bricks ShooterUITests" */ = {
			isa = XCConfigurationList;
			buildConfigurations = (
				0B176E9F2BE0A0A500115BAA /* Debug */,
				0B176EA02BE0A0A500115BAA /* Release */,
			);
			defaultConfigurationIsVisible = 0;
			defaultConfigurationName = Release;
		};
/* End XCConfigurationList section */
	};
	rootObject = 0B176E662BE0A09F00115BAA /* Project object */;
}
